
Microsoft Visual Studio Solution File, Format Version 12.00
# Visual Studio Version 17
VisualStudioVersion = 17.9.34701.34
MinimumVisualStudioVersion = 10.0.40219.1
Project("{FAE04EC0-301F-11D3-BF4B-00C04F79EFBC}") = "RoboticsStudents", "RoboticsStudents.csproj", "{D65A62C9-2E46-411C-89B0-5AEB75198378}"
EndProject
Global
	GlobalSection(SolutionConfigurationPlatforms) = preSolution
		Debug|Any CPU = Debug|Any CPU
		Release|Any CPU = Release|Any CPU
	EndGlobalSection
	GlobalSection(ProjectConfigurationPlatforms) = postSolution
		{D65A62C9-2E46-411C-89B0-5AEB75198378}.Debug|Any CPU.ActiveCfg = Debug|Any CPU
		{D65A62C9-2E46-411C-89B0-5AEB75198378}.Debug|Any CPU.Build.0 = Debug|Any CPU
		{D65A62C9-2E46-411C-89B0-5AEB75198378}.Release|Any CPU.ActiveCfg = Release|Any CPU
		{D65A62C9-2E46-411C-89B0-5AEB75198378}.Release|Any CPU.Build.0 = Release|Any CPU
	EndGlobalSection
	GlobalSection(SolutionProperties) = preSolution
		HideSolutionNode = FALSE
	EndGlobalSection
	GlobalSection(ExtensibilityGlobals) = postSolution
		SolutionGuid = {0BC02C54-6A93-4EC6-91B9-DF17DAD56653}
	EndGlobalSection
EndGlobal
